// !$*UTF8*$!
{
	archiveVersion = 1;
	classes = {
	};
	objectVersion = 56;
	objects = {

/* Begin PBXBuildFile section */
		9F0667F12B0F90FD0064CB8F /* Examles.swift in Sources */ = {isa = PBXBuildFile; fileRef = 9F0667F02B0F90FD0064CB8F /* Examles.swift */; };
		9F2D59AD2AD442FB00DC912B /* tryAlltestApp.swift in Sources */ = {isa = PBXBuildFile; fileRef = 9F2D59AC2AD442FB00DC912B /* tryAlltestApp.swift */; };
		9F2D59AF2AD442FB00DC912B /* ContentView.swift in Sources */ = {isa = PBXBuildFile; fileRef = 9F2D59AE2AD442FB00DC912B /* ContentView.swift */; };
		9F2D59B12AD442FE00DC912B /* Assets.xcassets in Resources */ = {isa = PBXBuildFile; fileRef = 9F2D59B02AD442FE00DC912B /* Assets.xcassets */; };
		9F2D59B42AD442FE00DC912B /* Preview Assets.xcassets in Resources */ = {isa = PBXBuildFile; fileRef = 9F2D59B32AD442FE00DC912B /* Preview Assets.xcassets */; };
		9F2D59BB2AD448B400DC912B /* FirstView.swift in Sources */ = {isa = PBXBuildFile; fileRef = 9F2D59BA2AD448B400DC912B /* FirstView.swift */; };
		9F2D59BD2AD448C200DC912B /* SecondView.swift in Sources */ = {isa = PBXBuildFile; fileRef = 9F2D59BC2AD448C200DC912B /* SecondView.swift */; };
		9F2D59BF2AD448D400DC912B /* ThirdView.swift in Sources */ = {isa = PBXBuildFile; fileRef = 9F2D59BE2AD448D400DC912B /* ThirdView.swift */; };
		9F3A66482ADEB76A00CB8ABE /* ErrorProcessing.swift in Sources */ = {isa = PBXBuildFile; fileRef = 9F3A66472ADEB76A00CB8ABE /* ErrorProcessing.swift */; };
		9F3A66502ADEC7E100CB8ABE /* tryAlltestTests.swift in Sources */ = {isa = PBXBuildFile; fileRef = 9F3A664F2ADEC7E100CB8ABE /* tryAlltestTests.swift */; };
		9F3A66582ADEC91C00CB8ABE /* Models in Resources */ = {isa = PBXBuildFile; fileRef = 9F3A66562ADEC91B00CB8ABE /* Models */; };
		9F3A66592ADEC91C00CB8ABE /* Network in Resources */ = {isa = PBXBuildFile; fileRef = 9F3A66572ADEC91C00CB8ABE /* Network */; };
		9F3A665B2ADEC94400CB8ABE /* RequestAppTests in Resources */ = {isa = PBXBuildFile; fileRef = 9F3A665A2ADEC94300CB8ABE /* RequestAppTests */; };
		9F3A665D2AE00ECA00CB8ABE /* OperatorsView.swift in Sources */ = {isa = PBXBuildFile; fileRef = 9F3A665C2AE00ECA00CB8ABE /* OperatorsView.swift */; };
		9F3A66D12AEC10B800CB8ABE /* FirstView1.swift in Sources */ = {isa = PBXBuildFile; fileRef = 9F3A66D02AEC10B800CB8ABE /* FirstView1.swift */; };
		9F4263202B31D83E007F0F2B /* myAppDelegate.swift in Sources */ = {isa = PBXBuildFile; fileRef = 9F42631F2B31D83E007F0F2B /* myAppDelegate.swift */; };
		9F6826E42B3DB2E1002DA328 /* MulticastRequest.swift in Sources */ = {isa = PBXBuildFile; fileRef = 9F6826E32B3DB2E1002DA328 /* MulticastRequest.swift */; };
		9F8CCE7C2B3EEFD4009B0C09 /* FuturePromuseModel.swift in Sources */ = {isa = PBXBuildFile; fileRef = 9F8CCE7B2B3EEFD4009B0C09 /* FuturePromuseModel.swift */; };
		9F8CCE982B4EE183009B0C09 /* ExamplesView.swift in Sources */ = {isa = PBXBuildFile; fileRef = 9F8CCE972B4EE183009B0C09 /* ExamplesView.swift */; };
		9F8CCE9A2B56D2E1009B0C09 /* ActorsClassExampl.swift in Sources */ = {isa = PBXBuildFile; fileRef = 9F8CCE992B56D2E1009B0C09 /* ActorsClassExampl.swift */; };
		9F8CCE9C2B57FFA0009B0C09 /* GetAsync.swift in Sources */ = {isa = PBXBuildFile; fileRef = 9F8CCE9B2B57FFA0009B0C09 /* GetAsync.swift */; };
		9F9A77562B0638B100052839 /* SearchView.swift in Sources */ = {isa = PBXBuildFile; fileRef = 9F9A77552B0638B100052839 /* SearchView.swift */; };
		9FBE33202AF0FD1C006B42F6 /* RectIntersect.swift in Sources */ = {isa = PBXBuildFile; fileRef = 9FBE331F2AF0FD1C006B42F6 /* RectIntersect.swift */; };
		9FBE333C2AF296A8006B42F6 /* ChessBoard.swift in Sources */ = {isa = PBXBuildFile; fileRef = 9FBE333B2AF296A8006B42F6 /* ChessBoard.swift */; };
		9FF1D2E82B7244BA00985648 /* CarrouselView.swift in Sources */ = {isa = PBXBuildFile; fileRef = 9FF1D2E72B7244BA00985648 /* CarrouselView.swift */; };
/* End PBXBuildFile section */

/* Begin PBXContainerItemProxy section */
		9F3A66512ADEC7E100CB8ABE /* PBXContainerItemProxy */ = {
			isa = PBXContainerItemProxy;
			containerPortal = 9F2D59A12AD442FB00DC912B /* Project object */;
			proxyType = 1;
			remoteGlobalIDString = 9F2D59A82AD442FB00DC912B;
			remoteInfo = tryAlltest;
		};
/* End PBXContainerItemProxy section */

/* Begin PBXFileReference section */
		9F0667F02B0F90FD0064CB8F /* Examles.swift */ = {isa = PBXFileReference; lastKnownFileType = sourcecode.swift; path = Examles.swift; sourceTree = "<group>"; };
		9F2D59A92AD442FB00DC912B /* tryAlltest.app */ = {isa = PBXFileReference; explicitFileType = wrapper.application; includeInIndex = 0; path = tryAlltest.app; sourceTree = BUILT_PRODUCTS_DIR; };
		9F2D59AC2AD442FB00DC912B /* tryAlltestApp.swift */ = {isa = PBXFileReference; lastKnownFileType = sourcecode.swift; path = tryAlltestApp.swift; sourceTree = "<group>"; };
		9F2D59AE2AD442FB00DC912B /* ContentView.swift */ = {isa = PBXFileReference; lastKnownFileType = sourcecode.swift; path = ContentView.swift; sourceTree = "<group>"; };
		9F2D59B02AD442FE00DC912B /* Assets.xcassets */ = {isa = PBXFileReference; lastKnownFileType = folder.assetcatalog; path = Assets.xcassets; sourceTree = "<group>"; };
		9F2D59B32AD442FE00DC912B /* Preview Assets.xcassets */ = {isa = PBXFileReference; lastKnownFileType = folder.assetcatalog; path = "Preview Assets.xcassets"; sourceTree = "<group>"; };
		9F2D59BA2AD448B400DC912B /* FirstView.swift */ = {isa = PBXFileReference; lastKnownFileType = sourcecode.swift; path = FirstView.swift; sourceTree = "<group>"; };
		9F2D59BC2AD448C200DC912B /* SecondView.swift */ = {isa = PBXFileReference; lastKnownFileType = sourcecode.swift; path = SecondView.swift; sourceTree = "<group>"; };
		9F2D59BE2AD448D400DC912B /* ThirdView.swift */ = {isa = PBXFileReference; lastKnownFileType = sourcecode.swift; path = ThirdView.swift; sourceTree = "<group>"; };
		9F3A66472ADEB76A00CB8ABE /* ErrorProcessing.swift */ = {isa = PBXFileReference; lastKnownFileType = sourcecode.swift; path = ErrorProcessing.swift; sourceTree = "<group>"; };
		9F3A664D2ADEC7E100CB8ABE /* tryAlltestTests.xctest */ = {isa = PBXFileReference; explicitFileType = wrapper.cfbundle; includeInIndex = 0; path = tryAlltestTests.xctest; sourceTree = BUILT_PRODUCTS_DIR; };
		9F3A664F2ADEC7E100CB8ABE /* tryAlltestTests.swift */ = {isa = PBXFileReference; lastKnownFileType = sourcecode.swift; path = tryAlltestTests.swift; sourceTree = "<group>"; };
		9F3A66562ADEC91B00CB8ABE /* Models */ = {isa = PBXFileReference; lastKnownFileType = folder; path = Models; sourceTree = "<group>"; };
		9F3A66572ADEC91C00CB8ABE /* Network */ = {isa = PBXFileReference; lastKnownFileType = folder; path = Network; sourceTree = "<group>"; };
		9F3A665A2ADEC94300CB8ABE /* RequestAppTests */ = {isa = PBXFileReference; lastKnownFileType = folder; path = RequestAppTests; sourceTree = "<group>"; };
		9F3A665C2AE00ECA00CB8ABE /* OperatorsView.swift */ = {isa = PBXFileReference; lastKnownFileType = sourcecode.swift; path = OperatorsView.swift; sourceTree = "<group>"; };
		9F3A66D02AEC10B800CB8ABE /* FirstView1.swift */ = {isa = PBXFileReference; lastKnownFileType = sourcecode.swift; path = FirstView1.swift; sourceTree = "<group>"; };
		9F42631F2B31D83E007F0F2B /* myAppDelegate.swift */ = {isa = PBXFileReference; lastKnownFileType = sourcecode.swift; path = myAppDelegate.swift; sourceTree = "<group>"; };
		9F6826E32B3DB2E1002DA328 /* MulticastRequest.swift */ = {isa = PBXFileReference; lastKnownFileType = sourcecode.swift; path = MulticastRequest.swift; sourceTree = "<group>"; };
		9F8CCE7B2B3EEFD4009B0C09 /* FuturePromuseModel.swift */ = {isa = PBXFileReference; lastKnownFileType = sourcecode.swift; path = FuturePromuseModel.swift; sourceTree = "<group>"; };
		9F8CCE972B4EE183009B0C09 /* ExamplesView.swift */ = {isa = PBXFileReference; lastKnownFileType = sourcecode.swift; path = ExamplesView.swift; sourceTree = "<group>"; };
		9F8CCE992B56D2E1009B0C09 /* ActorsClassExampl.swift */ = {isa = PBXFileReference; lastKnownFileType = sourcecode.swift; path = ActorsClassExampl.swift; sourceTree = "<group>"; };
		9F8CCE9B2B57FFA0009B0C09 /* GetAsync.swift */ = {isa = PBXFileReference; lastKnownFileType = sourcecode.swift; path = GetAsync.swift; sourceTree = "<group>"; };
		9F9A77552B0638B100052839 /* SearchView.swift */ = {isa = PBXFileReference; lastKnownFileType = sourcecode.swift; path = SearchView.swift; sourceTree = "<group>"; };
		9FBE331F2AF0FD1C006B42F6 /* RectIntersect.swift */ = {isa = PBXFileReference; lastKnownFileType = sourcecode.swift; path = RectIntersect.swift; sourceTree = "<group>"; };
		9FBE333B2AF296A8006B42F6 /* ChessBoard.swift */ = {isa = PBXFileReference; lastKnownFileType = sourcecode.swift; path = ChessBoard.swift; sourceTree = "<group>"; };
		9FF1D2E72B7244BA00985648 /* CarrouselView.swift */ = {isa = PBXFileReference; lastKnownFileType = sourcecode.swift; path = CarrouselView.swift; sourceTree = "<group>"; };
/* End PBXFileReference section */

/* Begin PBXFrameworksBuildPhase section */
		9F2D59A62AD442FB00DC912B /* Frameworks */ = {
			isa = PBXFrameworksBuildPhase;
			buildActionMask = 2147483647;
			files = (
			);
			runOnlyForDeploymentPostprocessing = 0;
		};
		9F3A664A2ADEC7E100CB8ABE /* Frameworks */ = {
			isa = PBXFrameworksBuildPhase;
			buildActionMask = 2147483647;
			files = (
			);
			runOnlyForDeploymentPostprocessing = 0;
		};
/* End PBXFrameworksBuildPhase section */

/* Begin PBXGroup section */
		9F0667EF2B0F909C0064CB8F /* Examples */ = {
			isa = PBXGroup;
			children = (
				9F8CCE972B4EE183009B0C09 /* ExamplesView.swift */,
				9F0667F02B0F90FD0064CB8F /* Examles.swift */,
				9F6826E32B3DB2E1002DA328 /* MulticastRequest.swift */,
				9F8CCE7B2B3EEFD4009B0C09 /* FuturePromuseModel.swift */,
			);
			name = Examples;
			sourceTree = "<group>";
			usesTabs = 0;
		};
		9F2D59A02AD442FB00DC912B = {
			isa = PBXGroup;
			children = (
				9F2D59AB2AD442FB00DC912B /* tryAlltest */,
				9F3A664E2ADEC7E100CB8ABE /* tryAlltestTests */,
				9F2D59AA2AD442FB00DC912B /* Products */,
			);
			sourceTree = "<group>";
		};
		9F2D59AA2AD442FB00DC912B /* Products */ = {
			isa = PBXGroup;
			children = (
				9F2D59A92AD442FB00DC912B /* tryAlltest.app */,
				9F3A664D2ADEC7E100CB8ABE /* tryAlltestTests.xctest */,
			);
			name = Products;
			sourceTree = "<group>";
		};
		9F2D59AB2AD442FB00DC912B /* tryAlltest */ = {
			isa = PBXGroup;
			children = (
				9F0667EF2B0F909C0064CB8F /* Examples */,
				9F3A66562ADEC91B00CB8ABE /* Models */,
				9F3A66572ADEC91C00CB8ABE /* Network */,
				9F2D59AC2AD442FB00DC912B /* tryAlltestApp.swift */,
				9F42631F2B31D83E007F0F2B /* myAppDelegate.swift */,
				9F2D59AE2AD442FB00DC912B /* ContentView.swift */,
				9F2D59B02AD442FE00DC912B /* Assets.xcassets */,
				9F2D59B22AD442FE00DC912B /* Preview Content */,
				9F2D59BA2AD448B400DC912B /* FirstView.swift */,
				9F2D59BC2AD448C200DC912B /* SecondView.swift */,
				9F2D59BE2AD448D400DC912B /* ThirdView.swift */,
				9F3A66472ADEB76A00CB8ABE /* ErrorProcessing.swift */,
				9F3A665C2AE00ECA00CB8ABE /* OperatorsView.swift */,
				9F3A66D02AEC10B800CB8ABE /* FirstView1.swift */,
				9FBE331F2AF0FD1C006B42F6 /* RectIntersect.swift */,
				9FBE333B2AF296A8006B42F6 /* ChessBoard.swift */,
				9F9A77552B0638B100052839 /* SearchView.swift */,
				9F8CCE992B56D2E1009B0C09 /* ActorsClassExampl.swift */,
				9F8CCE9B2B57FFA0009B0C09 /* GetAsync.swift */,
				9FF1D2E72B7244BA00985648 /* CarrouselView.swift */,
			);
			path = tryAlltest;
			sourceTree = "<group>";
		};
		9F2D59B22AD442FE00DC912B /* Preview Content */ = {
			isa = PBXGroup;
			children = (
				9F2D59B32AD442FE00DC912B /* Preview Assets.xcassets */,
			);
			path = "Preview Content";
			sourceTree = "<group>";
		};
		9F3A664E2ADEC7E100CB8ABE /* tryAlltestTests */ = {
			isa = PBXGroup;
			children = (
				9F3A665A2ADEC94300CB8ABE /* RequestAppTests */,
				9F3A664F2ADEC7E100CB8ABE /* tryAlltestTests.swift */,
			);
			path = tryAlltestTests;
			sourceTree = "<group>";
		};
/* End PBXGroup section */

/* Begin PBXNativeTarget section */
		9F2D59A82AD442FB00DC912B /* tryAlltest */ = {
			isa = PBXNativeTarget;
			buildConfigurationList = 9F2D59B72AD442FE00DC912B /* Build configuration list for PBXNativeTarget "tryAlltest" */;
			buildPhases = (
				9F2D59A52AD442FB00DC912B /* Sources */,
				9F2D59A62AD442FB00DC912B /* Frameworks */,
				9F2D59A72AD442FB00DC912B /* Resources */,
			);
			buildRules = (
			);
			dependencies = (
			);
			name = tryAlltest;
			productName = tryAlltest;
			productReference = 9F2D59A92AD442FB00DC912B /* tryAlltest.app */;
			productType = "com.apple.product-type.application";
		};
		9F3A664C2ADEC7E100CB8ABE /* tryAlltestTests */ = {
			isa = PBXNativeTarget;
			buildConfigurationList = 9F3A66532ADEC7E100CB8ABE /* Build configuration list for PBXNativeTarget "tryAlltestTests" */;
			buildPhases = (
				9F3A66492ADEC7E100CB8ABE /* Sources */,
				9F3A664A2ADEC7E100CB8ABE /* Frameworks */,
				9F3A664B2ADEC7E100CB8ABE /* Resources */,
			);
			buildRules = (
			);
			dependencies = (
				9F3A66522ADEC7E100CB8ABE /* PBXTargetDependency */,
			);
			name = tryAlltestTests;
			productName = tryAlltestTests;
			productReference = 9F3A664D2ADEC7E100CB8ABE /* tryAlltestTests.xctest */;
			productType = "com.apple.product-type.bundle.unit-test";
		};
/* End PBXNativeTarget section */

/* Begin PBXProject section */
		9F2D59A12AD442FB00DC912B /* Project object */ = {
			isa = PBXProject;
			attributes = {
				BuildIndependentTargetsInParallel = 1;
				LastSwiftUpdateCheck = 1500;
				LastUpgradeCheck = 1500;
				TargetAttributes = {
					9F2D59A82AD442FB00DC912B = {
						CreatedOnToolsVersion = 14.3;
					};
					9F3A664C2ADEC7E100CB8ABE = {
						CreatedOnToolsVersion = 15.0;
						TestTargetID = 9F2D59A82AD442FB00DC912B;
					};
				};
			};
			buildConfigurationList = 9F2D59A42AD442FB00DC912B /* Build configuration list for PBXProject "tryAlltest" */;
			compatibilityVersion = "Xcode 14.0";
			developmentRegion = en;
			hasScannedForEncodings = 0;
			knownRegions = (
				en,
				Base,
			);
			mainGroup = 9F2D59A02AD442FB00DC912B;
			productRefGroup = 9F2D59AA2AD442FB00DC912B /* Products */;
			projectDirPath = "";
			projectRoot = "";
			targets = (
				9F2D59A82AD442FB00DC912B /* tryAlltest */,
				9F3A664C2ADEC7E100CB8ABE /* tryAlltestTests */,
			);
		};
/* End PBXProject section */

/* Begin PBXResourcesBuildPhase section */
		9F2D59A72AD442FB00DC912B /* Resources */ = {
			isa = PBXResourcesBuildPhase;
			buildActionMask = 2147483647;
			files = (
				9F3A66582ADEC91C00CB8ABE /* Models in Resources */,
				9F3A66592ADEC91C00CB8ABE /* Network in Resources */,
				9F2D59B42AD442FE00DC912B /* Preview Assets.xcassets in Resources */,
				9F2D59B12AD442FE00DC912B /* Assets.xcassets in Resources */,
			);
			runOnlyForDeploymentPostprocessing = 0;
		};
		9F3A664B2ADEC7E100CB8ABE /* Resources */ = {
			isa = PBXResourcesBuildPhase;
			buildActionMask = 2147483647;
			files = (
				9F3A665B2ADEC94400CB8ABE /* RequestAppTests in Resources */,
			);
			runOnlyForDeploymentPostprocessing = 0;
		};
/* End PBXResourcesBuildPhase section */

/* Begin PBXSourcesBuildPhase section */
		9F2D59A52AD442FB00DC912B /* Sources */ = {
			isa = PBXSourcesBuildPhase;
			buildActionMask = 2147483647;
			files = (
				9F4263202B31D83E007F0F2B /* myAppDelegate.swift in Sources */,
				9F8CCE9C2B57FFA0009B0C09 /* GetAsync.swift in Sources */,
				9F3A665D2AE00ECA00CB8ABE /* OperatorsView.swift in Sources */,
				9FBE33202AF0FD1C006B42F6 /* RectIntersect.swift in Sources */,
				9F2D59AF2AD442FB00DC912B /* ContentView.swift in Sources */,
				9F8CCE7C2B3EEFD4009B0C09 /* FuturePromuseModel.swift in Sources */,
				9F0667F12B0F90FD0064CB8F /* Examles.swift in Sources */,
				9F3A66482ADEB76A00CB8ABE /* ErrorProcessing.swift in Sources */,
				9F8CCE982B4EE183009B0C09 /* ExamplesView.swift in Sources */,
				9F2D59BF2AD448D400DC912B /* ThirdView.swift in Sources */,
				9FF1D2E82B7244BA00985648 /* CarrouselView.swift in Sources */,
				9F2D59BB2AD448B400DC912B /* FirstView.swift in Sources */,
				9F2D59BD2AD448C200DC912B /* SecondView.swift in Sources */,
				9F2D59AD2AD442FB00DC912B /* tryAlltestApp.swift in Sources */,
				9F6826E42B3DB2E1002DA328 /* MulticastRequest.swift in Sources */,
				9F3A66D12AEC10B800CB8ABE /* FirstView1.swift in Sources */,
				9F8CCE9A2B56D2E1009B0C09 /* ActorsClassExampl.swift in Sources */,
				9FBE333C2AF296A8006B42F6 /* ChessBoard.swift in Sources */,
				9F9A77562B0638B100052839 /* SearchView.swift in Sources */,
			);
			runOnlyForDeploymentPostprocessing = 0;
		};
		9F3A66492ADEC7E100CB8ABE /* Sources */ = {
			isa = PBXSourcesBuildPhase;
			buildActionMask = 2147483647;
			files = (
				9F3A66502ADEC7E100CB8ABE /* tryAlltestTests.swift in Sources */,
			);
			runOnlyForDeploymentPostprocessing = 0;
		};
/* End PBXSourcesBuildPhase section */

/* Begin PBXTargetDependency section */
		9F3A66522ADEC7E100CB8ABE /* PBXTargetDependency */ = {
			isa = PBXTargetDependency;
			target = 9F2D59A82AD442FB00DC912B /* tryAlltest */;
			targetProxy = 9F3A66512ADEC7E100CB8ABE /* PBXContainerItemProxy */;
		};
/* End PBXTargetDependency section */

/* Begin XCBuildConfiguration section */
		9F2D59B52AD442FE00DC912B /* Debug */ = {
			isa = XCBuildConfiguration;
			buildSettings = {
				ALWAYS_SEARCH_USER_PATHS = NO;
				ASSETCATALOG_COMPILER_GENERATE_SWIFT_ASSET_SYMBOL_EXTENSIONS = YES;
				CLANG_ANALYZER_NONNULL = YES;
				CLANG_ANALYZER_NUMBER_OBJECT_CONVERSION = YES_AGGRESSIVE;
				CLANG_CXX_LANGUAGE_STANDARD = "gnu++20";
				CLANG_ENABLE_MODULES = YES;
				CLANG_ENABLE_OBJC_ARC = YES;
				CLANG_ENABLE_OBJC_WEAK = YES;
				CLANG_WARN_BLOCK_CAPTURE_AUTORELEASING = YES;
				CLANG_WARN_BOOL_CONVERSION = YES;
				CLANG_WARN_COMMA = YES;
				CLANG_WARN_CONSTANT_CONVERSION = YES;
				CLANG_WARN_DEPRECATED_OBJC_IMPLEMENTATIONS = YES;
				CLANG_WARN_DIRECT_OBJC_ISA_USAGE = YES_ERROR;
				CLANG_WARN_DOCUMENTATION_COMMENTS = YES;
				CLANG_WARN_EMPTY_BODY = YES;
				CLANG_WARN_ENUM_CONVERSION = YES;
				CLANG_WARN_INFINITE_RECURSION = YES;
				CLANG_WARN_INT_CONVERSION = YES;
				CLANG_WARN_NON_LITERAL_NULL_CONVERSION = YES;
				CLANG_WARN_OBJC_IMPLICIT_RETAIN_SELF = YES;
				CLANG_WARN_OBJC_LITERAL_CONVERSION = YES;
				CLANG_WARN_OBJC_ROOT_CLASS = YES_ERROR;
				CLANG_WARN_QUOTED_INCLUDE_IN_FRAMEWORK_HEADER = YES;
				CLANG_WARN_RANGE_LOOP_ANALYSIS = YES;
				CLANG_WARN_STRICT_PROTOTYPES = YES;
				CLANG_WARN_SUSPICIOUS_MOVE = YES;
				CLANG_WARN_UNGUARDED_AVAILABILITY = YES_AGGRESSIVE;
				CLANG_WARN_UNREACHABLE_CODE = YES;
				CLANG_WARN__DUPLICATE_METHOD_MATCH = YES;
				COPY_PHASE_STRIP = NO;
				DEBUG_INFORMATION_FORMAT = dwarf;
				ENABLE_STRICT_OBJC_MSGSEND = YES;
				ENABLE_TESTABILITY = YES;
				GCC_C_LANGUAGE_STANDARD = gnu11;
				GCC_DYNAMIC_NO_PIC = NO;
				GCC_NO_COMMON_BLOCKS = YES;
				GCC_OPTIMIZATION_LEVEL = 0;
				GCC_PREPROCESSOR_DEFINITIONS = (
					"DEBUG=1",
					"$(inherited)",
				);
				GCC_WARN_64_TO_32_BIT_CONVERSION = YES;
				GCC_WARN_ABOUT_RETURN_TYPE = YES_ERROR;
				GCC_WARN_UNDECLARED_SELECTOR = YES;
				GCC_WARN_UNINITIALIZED_AUTOS = YES_AGGRESSIVE;
				GCC_WARN_UNUSED_FUNCTION = YES;
				GCC_WARN_UNUSED_VARIABLE = YES;
				IPHONEOS_DEPLOYMENT_TARGET = 16.4;
				MTL_ENABLE_DEBUG_INFO = INCLUDE_SOURCE;
				MTL_FAST_MATH = YES;
				ONLY_ACTIVE_ARCH = YES;
				SDKROOT = iphoneos;
				SWIFT_ACTIVE_COMPILATION_CONDITIONS = DEBUG;
				SWIFT_OPTIMIZATION_LEVEL = "-Onone";
			};
			name = Debug;
		};
		9F2D59B62AD442FE00DC912B /* Release */ = {
			isa = XCBuildConfiguration;
			buildSettings = {
				ALWAYS_SEARCH_USER_PATHS = NO;
				ASSETCATALOG_COMPILER_GENERATE_SWIFT_ASSET_SYMBOL_EXTENSIONS = YES;
				CLANG_ANALYZER_NONNULL = YES;
				CLANG_ANALYZER_NUMBER_OBJECT_CONVERSION = YES_AGGRESSIVE;
				CLANG_CXX_LANGUAGE_STANDARD = "gnu++20";
				CLANG_ENABLE_MODULES = YES;
				CLANG_ENABLE_OBJC_ARC = YES;
				CLANG_ENABLE_OBJC_WEAK = YES;
				CLANG_WARN_BLOCK_CAPTURE_AUTORELEASING = YES;
				CLANG_WARN_BOOL_CONVERSION = YES;
				CLANG_WARN_COMMA = YES;
				CLANG_WARN_CONSTANT_CONVERSION = YES;
				CLANG_WARN_DEPRECATED_OBJC_IMPLEMENTATIONS = YES;
				CLANG_WARN_DIRECT_OBJC_ISA_USAGE = YES_ERROR;
				CLANG_WARN_DOCUMENTATION_COMMENTS = YES;
				CLANG_WARN_EMPTY_BODY = YES;
				CLANG_WARN_ENUM_CONVERSION = YES;
				CLANG_WARN_INFINITE_RECURSION = YES;
				CLANG_WARN_INT_CONVERSION = YES;
				CLANG_WARN_NON_LITERAL_NULL_CONVERSION = YES;
				CLANG_WARN_OBJC_IMPLICIT_RETAIN_SELF = YES;
				CLANG_WARN_OBJC_LITERAL_CONVERSION = YES;
				CLANG_WARN_OBJC_ROOT_CLASS = YES_ERROR;
				CLANG_WARN_QUOTED_INCLUDE_IN_FRAMEWORK_HEADER = YES;
				CLANG_WARN_RANGE_LOOP_ANALYSIS = YES;
				CLANG_WARN_STRICT_PROTOTYPES = YES;
				CLANG_WARN_SUSPICIOUS_MOVE = YES;
				CLANG_WARN_UNGUARDED_AVAILABILITY = YES_AGGRESSIVE;
				CLANG_WARN_UNREACHABLE_CODE = YES;
				CLANG_WARN__DUPLICATE_METHOD_MATCH = YES;
				COPY_PHASE_STRIP = NO;
				DEBUG_INFORMATION_FORMAT = "dwarf-with-dsym";
				ENABLE_NS_ASSERTIONS = NO;
				ENABLE_STRICT_OBJC_MSGSEND = YES;
				GCC_C_LANGUAGE_STANDARD = gnu11;
				GCC_NO_COMMON_BLOCKS = YES;
				GCC_WARN_64_TO_32_BIT_CONVERSION = YES;
				GCC_WARN_ABOUT_RETURN_TYPE = YES_ERROR;
				GCC_WARN_UNDECLARED_SELECTOR = YES;
				GCC_WARN_UNINITIALIZED_AUTOS = YES_AGGRESSIVE;
				GCC_WARN_UNUSED_FUNCTION = YES;
				GCC_WARN_UNUSED_VARIABLE = YES;
				IPHONEOS_DEPLOYMENT_TARGET = 16.4;
				MTL_ENABLE_DEBUG_INFO = NO;
				MTL_FAST_MATH = YES;
				SDKROOT = iphoneos;
				SWIFT_COMPILATION_MODE = wholemodule;
				SWIFT_OPTIMIZATION_LEVEL = "-O";
				VALIDATE_PRODUCT = YES;
			};
			name = Release;
		};
		9F2D59B82AD442FE00DC912B /* Debug */ = {
			isa = XCBuildConfiguration;
			buildSettings = {
				ASSETCATALOG_COMPILER_APPICON_NAME = AppIcon;
				ASSETCATALOG_COMPILER_GLOBAL_ACCENT_COLOR_NAME = AccentColor;
				CODE_SIGN_STYLE = Automatic;
				CURRENT_PROJECT_VERSION = 1;
				DEVELOPMENT_ASSET_PATHS = "\"tryAlltest/Preview Content\"";
				DEVELOPMENT_TEAM = UE8YWDNEAR;
				ENABLE_PREVIEWS = YES;
				GENERATE_INFOPLIST_FILE = YES;
				INFOPLIST_KEY_UIApplicationSceneManifest_Generation = YES;
				INFOPLIST_KEY_UIApplicationSupportsIndirectInputEvents = YES;
				INFOPLIST_KEY_UILaunchScreen_Generation = YES;
				INFOPLIST_KEY_UISupportedInterfaceOrientations_iPad = "UIInterfaceOrientationPortrait UIInterfaceOrientationPortraitUpsideDown UIInterfaceOrientationLandscapeLeft UIInterfaceOrientationLandscapeRight";
				INFOPLIST_KEY_UISupportedInterfaceOrientations_iPhone = "UIInterfaceOrientationPortrait UIInterfaceOrientationLandscapeLeft UIInterfaceOrientationLandscapeRight";
				IPHONEOS_DEPLOYMENT_TARGET = 17.0;
				LD_RUNPATH_SEARCH_PATHS = (
					"$(inherited)",
					"@executable_path/Frameworks",
				);
				MARKETING_VERSION = 1.0;
				PRODUCT_BUNDLE_IDENTIFIER = local.tryAlltest;
				PRODUCT_NAME = "$(TARGET_NAME)";
				SWIFT_EMIT_LOC_STRINGS = YES;
				SWIFT_VERSION = 5.0;
				TARGETED_DEVICE_FAMILY = "1,2";
			};
			name = Debug;
		};
		9F2D59B92AD442FE00DC912B /* Release */ = {
			isa = XCBuildConfiguration;
			buildSettings = {
				ASSETCATALOG_COMPILER_APPICON_NAME = AppIcon;
				ASSETCATALOG_COMPILER_GLOBAL_ACCENT_COLOR_NAME = AccentColor;
				CODE_SIGN_STYLE = Automatic;
				CURRENT_PROJECT_VERSION = 1;
				DEVELOPMENT_ASSET_PATHS = "\"tryAlltest/Preview Content\"";
				DEVELOPMENT_TEAM = UE8YWDNEAR;
				ENABLE_PREVIEWS = YES;
				GENERATE_INFOPLIST_FILE = YES;
				INFOPLIST_KEY_UIApplicationSceneManifest_Generation = YES;
				INFOPLIST_KEY_UIApplicationSupportsIndirectInputEvents = YES;
				INFOPLIST_KEY_UILaunchScreen_Generation = YES;
				INFOPLIST_KEY_UISupportedInterfaceOrientations_iPad = "UIInterfaceOrientationPortrait UIInterfaceOrientationPortraitUpsideDown UIInterfaceOrientationLandscapeLeft UIInterfaceOrientationLandscapeRight";
				INFOPLIST_KEY_UISupportedInterfaceOrientations_iPhone = "UIInterfaceOrientationPortrait UIInterfaceOrientationLandscapeLeft UIInterfaceOrientationLandscapeRight";
				IPHONEOS_DEPLOYMENT_TARGET = 17.0;
				LD_RUNPATH_SEARCH_PATHS = (
					"$(inherited)",
					"@executable_path/Frameworks",
				);
				MARKETING_VERSION = 1.0;
				PRODUCT_BUNDLE_IDENTIFIER = local.tryAlltest;
				PRODUCT_NAME = "$(TARGET_NAME)";
				SWIFT_EMIT_LOC_STRINGS = YES;
				SWIFT_VERSION = 5.0;
				TARGETED_DEVICE_FAMILY = "1,2";
			};
			name = Release;
		};
		9F3A66542ADEC7E100CB8ABE /* Debug */ = {
			isa = XCBuildConfiguration;
			buildSettings = {
				ASSETCATALOG_COMPILER_GENERATE_SWIFT_ASSET_SYMBOL_EXTENSIONS = YES;
				BUNDLE_LOADER = "$(TEST_HOST)";
				CODE_SIGN_STYLE = Automatic;
				CURRENT_PROJECT_VERSION = 1;
				ENABLE_USER_SCRIPT_SANDBOXING = YES;
				GCC_C_LANGUAGE_STANDARD = gnu17;
				GENERATE_INFOPLIST_FILE = YES;
				IPHONEOS_DEPLOYMENT_TARGET = 17.0;
				LOCALIZATION_PREFERS_STRING_CATALOGS = YES;
				MARKETING_VERSION = 1.0;
				PRODUCT_BUNDLE_IDENTIFIER = local.tryAlltestTests;
				PRODUCT_NAME = "$(TARGET_NAME)";
				SWIFT_ACTIVE_COMPILATION_CONDITIONS = "DEBUG $(inherited)";
				SWIFT_EMIT_LOC_STRINGS = NO;
				SWIFT_VERSION = 5.0;
				TARGETED_DEVICE_FAMILY = "1,2";
				TEST_HOST = "$(BUILT_PRODUCTS_DIR)/tryAlltest.app/$(BUNDLE_EXECUTABLE_FOLDER_PATH)/tryAlltest";
			};
			name = Debug;
		};
		9F3A66552ADEC7E100CB8ABE /* Release */ = {
			isa = XCBuildConfiguration;
			buildSettings = {
				ASSETCATALOG_COMPILER_GENERATE_SWIFT_ASSET_SYMBOL_EXTENSIONS = YES;
				BUNDLE_LOADER = "$(TEST_HOST)";
				CODE_SIGN_STYLE = Automatic;
				CURRENT_PROJECT_VERSION = 1;
				ENABLE_USER_SCRIPT_SANDBOXING = YES;
				GCC_C_LANGUAGE_STANDARD = gnu17;
				GENERATE_INFOPLIST_FILE = YES;
				IPHONEOS_DEPLOYMENT_TARGET = 17.0;
				LOCALIZATION_PREFERS_STRING_CATALOGS = YES;
				MARKETING_VERSION = 1.0;
				PRODUCT_BUNDLE_IDENTIFIER = local.tryAlltestTests;
				PRODUCT_NAME = "$(TARGET_NAME)";
				SWIFT_EMIT_LOC_STRINGS = NO;
				SWIFT_VERSION = 5.0;
				TARGETED_DEVICE_FAMILY = "1,2";
				TEST_HOST = "$(BUILT_PRODUCTS_DIR)/tryAlltest.app/$(BUNDLE_EXECUTABLE_FOLDER_PATH)/tryAlltest";
			};
			name = Release;
		};
/* End XCBuildConfiguration section */

/* Begin XCConfigurationList section */
		9F2D59A42AD442FB00DC912B /* Build configuration list for PBXProject "tryAlltest" */ = {
			isa = XCConfigurationList;
			buildConfigurations = (
				9F2D59B52AD442FE00DC912B /* Debug */,
				9F2D59B62AD442FE00DC912B /* Release */,
			);
			defaultConfigurationIsVisible = 0;
			defaultConfigurationName = Release;
		};
		9F2D59B72AD442FE00DC912B /* Build configuration list for PBXNativeTarget "tryAlltest" */ = {
			isa = XCConfigurationList;
			buildConfigurations = (
				9F2D59B82AD442FE00DC912B /* Debug */,
				9F2D59B92AD442FE00DC912B /* Release */,
			);
			defaultConfigurationIsVisible = 0;
			defaultConfigurationName = Release;
		};
		9F3A66532ADEC7E100CB8ABE /* Build configuration list for PBXNativeTarget "tryAlltestTests" */ = {
			isa = XCConfigurationList;
			buildConfigurations = (
				9F3A66542ADEC7E100CB8ABE /* Debug */,
				9F3A66552ADEC7E100CB8ABE /* Release */,
			);
			defaultConfigurationIsVisible = 0;
			defaultConfigurationName = Release;
		};
/* End XCConfigurationList section */
	};
	rootObject = 9F2D59A12AD442FB00DC912B /* Project object */;
}
